# This file was autogenerated by Stack.
# You should not edit this file by hand.
# For more information, please see the documentation at:
#   https://docs.haskellstack.org/en/stable/lock_files

packages:
- completed:
    hackage: union-find-array-0.1.0.3@sha256:242e066ec516d61f262947e5794edc7bbc11fd538a0415c03ac0c01b028cfa8a,1372
    pantry-tree:
      sha256: 1c53fba1445e9dde2d72979a049438213c0c500e40189c76818314600fb9d875
      size: 482
  original:
    hackage: union-find-array-0.1.0.3
- completed:
    hackage: sbv-10.9@sha256:13b7c9fb2883798047ddaf7bf4ceb60edd3b638a4b3231fcc1fefe1b9d8ad43b,23715
    pantry-tree:
      sha256: 27383e61627e6023474ddc551f641bb54bcce4d07decb063e1ebe899f8245f90
      size: 72604
  original:
    hackage: sbv-10.9
- completed:
    hackage: libBF-0.6.7@sha256:9f8699da2f2fc98d9d4071a271e8e938d09bbc41c8118741984664645ce0a859,2503
    pantry-tree:
      sha256: e9feecbf914d69332b1bce461b9970567323dc3cffc3a198ed036d3aa8b0e3c6
      size: 794
  original:
    hackage: libBF-0.6.7
- completed:
    hackage: deepseq-1.4.6.1@sha256:48764fb9b02c3a1653067633c1a9c1806e4e3802d5d1f21abd3a8ba528dd90f5,2937
    pantry-tree:
      sha256: 1299d74bbcedfafe3641896c07808a3028ce2b77a48c9f1e463a04ab5f299f6b
      size: 385
  original:
    hackage: deepseq-1.4.6.1
- completed:
    hackage: clock-0.8.4@sha256:b938655b00cf204ce69abfff946021bed111d2609a9f7a9c22e28a1a202e9115,4631
    pantry-tree:
      sha256: 0ca511f7ea409e65a9de5539f265bb906a3eec6a4ac1a201731a8a328120cc88
      size: 499
  original:
    hackage: clock-0.8.4
snapshots:
- completed:
    sha256: 42f77c84b34f68c30c2cd0bf8c349f617a0f428264362426290847a6a2019b64
    size: 649618
    url: https://raw.githubusercontent.com/commercialhaskell/stackage-snapshots/master/lts/20/19.yaml
  original: lts-20.19
