# This file was autogenerated by Stack.
# You should not edit this file by hand.
# For more information, please see the documentation at:
#   https://docs.haskellstack.org/en/stable/lock_files

packages:
- completed:
    hackage: union-find-array-0.1.0.3@sha256:242e066ec516d61f262947e5794edc7bbc11fd538a0415c03ac0c01b028cfa8a,1372
    pantry-tree:
      sha256: 1c53fba1445e9dde2d72979a049438213c0c500e40189c76818314600fb9d875
      size: 482
  original:
    hackage: union-find-array-0.1.0.3
snapshots:
- completed:
    sha256: 92b1a17e31d0a978fca4bf270305d4d1dd8092271bf60eafbc9349c890854026
    size: 563099
    url: https://raw.githubusercontent.com/commercialhaskell/stackage-snapshots/master/lts/17/2.yaml
  original: lts-17.2
