# This file was autogenerated by Stack.
# You should not edit this file by hand.
# For more information, please see the documentation at:
#   https://docs.haskellstack.org/en/stable/lock_files

packages:
- completed:
    hackage: union-find-array-0.1.0.3@sha256:242e066ec516d61f262947e5794edc7bbc11fd538a0415c03ac0c01b028cfa8a,1372
    pantry-tree:
      sha256: 1c53fba1445e9dde2d72979a049438213c0c500e40189c76818314600fb9d875
      size: 482
  original:
    hackage: union-find-array-0.1.0.3
- completed:
    hackage: sbv-10.9@sha256:13b7c9fb2883798047ddaf7bf4ceb60edd3b638a4b3231fcc1fefe1b9d8ad43b,23715
    pantry-tree:
      sha256: 27383e61627e6023474ddc551f641bb54bcce4d07decb063e1ebe899f8245f90
      size: 72604
  original:
    hackage: sbv-10.9
- completed:
    hackage: libBF-0.6.7@sha256:9f8699da2f2fc98d9d4071a271e8e938d09bbc41c8118741984664645ce0a859,2503
    pantry-tree:
      sha256: e9feecbf914d69332b1bce461b9970567323dc3cffc3a198ed036d3aa8b0e3c6
      size: 794
  original:
    hackage: libBF-0.6.7
- completed:
    hackage: deepseq-1.4.6.1@sha256:48764fb9b02c3a1653067633c1a9c1806e4e3802d5d1f21abd3a8ba528dd90f5,2937
    pantry-tree:
      sha256: 1299d74bbcedfafe3641896c07808a3028ce2b77a48c9f1e463a04ab5f299f6b
      size: 385
  original:
    hackage: deepseq-1.4.6.1
- completed:
    commit: ac8e4a5920af1e36f09995d03626cfce3d9ee69a
    git: https://github.com/ComputationWithBoundedResources/term-rewriting-xml
    name: term-rewriting-xml
    pantry-tree:
      sha256: a0358d840216af4235d4c6c2dac577a08e4c85026be59123c870cb73d9a8f8fc
      size: 687
    version: 0.1.1.1
  original:
    commit: ac8e4a5920af1e36f09995d03626cfce3d9ee69a
    git: https://github.com/ComputationWithBoundedResources/term-rewriting-xml
- completed:
    commit: 66f7a9eefbe8335331962bdc5710c8c4392a1188
    git: https://github.com/ComputationWithBoundedResources/term-rewriting-ext
    name: term-rewriting-ext
    pantry-tree:
      sha256: 3fcf4731a1a567ed34ca56561b9600916b55151d4396080cf2c3d5d181b660fc
      size: 4148
    version: 0.1.4
  original:
    commit: 66f7a9eefbe8335331962bdc5710c8c4392a1188
    git: https://github.com/ComputationWithBoundedResources/term-rewriting-ext
- completed:
    commit: b8446e7b4b5403f5122b901d76542eab505cb106
    git: https://github.com/ComputationWithBoundedResources/term-rewriting-applicative
    name: term-rewriting-applicative
    pantry-tree:
      sha256: 58b482d8222a6fc029cb9c3ba24c7bc817eeab2561defd3eb4efe3837059ce68
      size: 732
    version: 0.2.1
  original:
    commit: b8446e7b4b5403f5122b901d76542eab505cb106
    git: https://github.com/ComputationWithBoundedResources/term-rewriting-applicative
- completed:
    commit: 69f85a4025dfba3a691ac11793c6da9264a7a89d
    git: https://github.com/ComputationWithBoundedResources/hoca
    name: hoca
    pantry-tree:
      sha256: 2bb5b77986d5e5950b6404c36f598beac974781d01cf52243d02cd9dd8b800de
      size: 7429
    version: '0.5'
  original:
    commit: 69f85a4025dfba3a691ac11793c6da9264a7a89d
    git: https://github.com/ComputationWithBoundedResources/hoca
- completed:
    commit: 970fcf905d89c3a769615cd81cc77e1903469dd5
    git: https://github.com/ComputationWithBoundedResources/ara-inference
    name: ara
    pantry-tree:
      sha256: 34b9d2e3fc75c785e502530bcfb8284c7f41cbfb2f5293da22a7f03d08a46559
      size: 2102413
    version: 0.1.1.0
  original:
    commit: 970fcf905d89c3a769615cd81cc77e1903469dd5
    git: https://github.com/ComputationWithBoundedResources/ara-inference
- completed:
    commit: 378e82c0eaa265244f3a596f23bddcb0e91a23dd
    git: https://github.com/ComputationWithBoundedResources/slogic
    name: slogic
    pantry-tree:
      sha256: e93e4a2cb9d53aeadc8b6033e3d92d548ca3db4d7e935509e97ed52c06682340
      size: 1057
    version: '0.3'
  original:
    commit: 378e82c0eaa265244f3a596f23bddcb0e91a23dd
    git: https://github.com/ComputationWithBoundedResources/slogic
- completed:
    commit: 545d9e51da7601cca644fd6bdf54d634db62de17
    git: https://github.com/ComputationWithBoundedResources/tct-common
    name: tct-common
    pantry-tree:
      sha256: 9c477ecaeac22510392be7d682262db22c436d1d976c636e8540e4620d8c9f86
      size: 838
    version: 3.3.0
  original:
    commit: 545d9e51da7601cca644fd6bdf54d634db62de17
    git: https://github.com/ComputationWithBoundedResources/tct-common
- completed:
    commit: e757d81d7d5e2fa8e4a76c04814cf80f22cbd7e2
    git: https://github.com/ComputationWithBoundedResources/tct-core
    name: tct-core
    pantry-tree:
      sha256: 62d4f910e39e5a8625172e8b0edba9f7217002b603f58f5b13b1ccddacd00bd0
      size: 2322
    version: 3.3.0
  original:
    commit: e757d81d7d5e2fa8e4a76c04814cf80f22cbd7e2
    git: https://github.com/ComputationWithBoundedResources/tct-core
snapshots:
- completed:
    sha256: 42f77c84b34f68c30c2cd0bf8c349f617a0f428264362426290847a6a2019b64
    size: 649618
    url: https://raw.githubusercontent.com/commercialhaskell/stackage-snapshots/master/lts/20/19.yaml
  original: lts-20.19
